// !$*UTF8*$!
{
	archiveVersion = 1;
	classes = {
	};
	objectVersion = 56;
	objects = {

/* Begin PBXBuildFile section */
		17BA54F92C671C2E009C10EF /* FeedApp.swift in Sources */ = {isa = PBXBuildFile; fileRef = 17BA54F82C671C2E009C10EF /* FeedApp.swift */; };
		17BA54FB2C671C2E009C10EF /* ContentView.swift in Sources */ = {isa = PBXBuildFile; fileRef = 17BA54FA2C671C2E009C10EF /* ContentView.swift */; };
		17BA54FD2C671C30009C10EF /* Assets.xcassets in Resources */ = {isa = PBXBuildFile; fileRef = 17BA54FC2C671C30009C10EF /* Assets.xcassets */; };
		17BA55002C671C30009C10EF /* Preview Assets.xcassets in Resources */ = {isa = PBXBuildFile; fileRef = 17BA54FF2C671C30009C10EF /* Preview Assets.xcassets */; };
		17BA550A2C671C30009C10EF /* FeedTests.swift in Sources */ = {isa = PBXBuildFile; fileRef = 17BA55092C671C30009C10EF /* FeedTests.swift */; };
		17BA55142C671C30009C10EF /* FeedUITests.swift in Sources */ = {isa = PBXBuildFile; fileRef = 17BA55132C671C30009C10EF /* FeedUITests.swift */; };
		17BA55162C671C30009C10EF /* FeedUITestsLaunchTests.swift in Sources */ = {isa = PBXBuildFile; fileRef = 17BA55152C671C30009C10EF /* FeedUITestsLaunchTests.swift */; };
		17BA55242C671D94009C10EF /* FeedItem.swift in Sources */ = {isa = PBXBuildFile; fileRef = 17BA55222C671D53009C10EF /* FeedItem.swift */; };
		17BA55262C671DA6009C10EF /* FeedLoader.swift in Sources */ = {isa = PBXBuildFile; fileRef = 17BA55252C671DA6009C10EF /* FeedLoader.swift */; };
		17CC68442C6A61E300904FCA /* RemoteFeedLoaderTests.swift in Sources */ = {isa = PBXBuildFile; fileRef = 17CC68432C6A61E300904FCA /* RemoteFeedLoaderTests.swift */; };
		17CC68472C6B052900904FCA /* RemoteFeedLoader.swift in Sources */ = {isa = PBXBuildFile; fileRef = 17CC68462C6B052900904FCA /* RemoteFeedLoader.swift */; };
/* End PBXBuildFile section */

/* Begin PBXContainerItemProxy section */
		17BA55062C671C30009C10EF /* PBXContainerItemProxy */ = {
			isa = PBXContainerItemProxy;
			containerPortal = 17BA54ED2C671C2E009C10EF /* Project object */;
			proxyType = 1;
			remoteGlobalIDString = 17BA54F42C671C2E009C10EF;
			remoteInfo = Feed;
		};
		17BA55102C671C30009C10EF /* PBXContainerItemProxy */ = {
			isa = PBXContainerItemProxy;
			containerPortal = 17BA54ED2C671C2E009C10EF /* Project object */;
			proxyType = 1;
			remoteGlobalIDString = 17BA54F42C671C2E009C10EF;
			remoteInfo = Feed;
		};
/* End PBXContainerItemProxy section */

/* Begin PBXFileReference section */
		17BA54F52C671C2E009C10EF /* Feed.app */ = {isa = PBXFileReference; explicitFileType = wrapper.application; includeInIndex = 0; path = Feed.app; sourceTree = BUILT_PRODUCTS_DIR; };
		17BA54F82C671C2E009C10EF /* FeedApp.swift */ = {isa = PBXFileReference; lastKnownFileType = sourcecode.swift; path = FeedApp.swift; sourceTree = "<group>"; };
		17BA54FA2C671C2E009C10EF /* ContentView.swift */ = {isa = PBXFileReference; lastKnownFileType = sourcecode.swift; path = ContentView.swift; sourceTree = "<group>"; };
		17BA54FC2C671C30009C10EF /* Assets.xcassets */ = {isa = PBXFileReference; lastKnownFileType = folder.assetcatalog; path = Assets.xcassets; sourceTree = "<group>"; };
		17BA54FF2C671C30009C10EF /* Preview Assets.xcassets */ = {isa = PBXFileReference; lastKnownFileType = folder.assetcatalog; path = "Preview Assets.xcassets"; sourceTree = "<group>"; };
		17BA55052C671C30009C10EF /* FeedTests.xctest */ = {isa = PBXFileReference; explicitFileType = wrapper.cfbundle; includeInIndex = 0; path = FeedTests.xctest; sourceTree = BUILT_PRODUCTS_DIR; };
		17BA55092C671C30009C10EF /* FeedTests.swift */ = {isa = PBXFileReference; lastKnownFileType = sourcecode.swift; path = FeedTests.swift; sourceTree = "<group>"; };
		17BA550F2C671C30009C10EF /* FeedUITests.xctest */ = {isa = PBXFileReference; explicitFileType = wrapper.cfbundle; includeInIndex = 0; path = FeedUITests.xctest; sourceTree = BUILT_PRODUCTS_DIR; };
		17BA55132C671C30009C10EF /* FeedUITests.swift */ = {isa = PBXFileReference; lastKnownFileType = sourcecode.swift; path = FeedUITests.swift; sourceTree = "<group>"; };
		17BA55152C671C30009C10EF /* FeedUITestsLaunchTests.swift */ = {isa = PBXFileReference; lastKnownFileType = sourcecode.swift; path = FeedUITestsLaunchTests.swift; sourceTree = "<group>"; };
		17BA55222C671D53009C10EF /* FeedItem.swift */ = {isa = PBXFileReference; lastKnownFileType = sourcecode.swift; path = FeedItem.swift; sourceTree = "<group>"; };
		17BA55252C671DA6009C10EF /* FeedLoader.swift */ = {isa = PBXFileReference; lastKnownFileType = sourcecode.swift; path = FeedLoader.swift; sourceTree = "<group>"; };
		17CC68432C6A61E300904FCA /* RemoteFeedLoaderTests.swift */ = {isa = PBXFileReference; lastKnownFileType = sourcecode.swift; path = RemoteFeedLoaderTests.swift; sourceTree = "<group>"; };
		17CC68462C6B052900904FCA /* RemoteFeedLoader.swift */ = {isa = PBXFileReference; lastKnownFileType = sourcecode.swift; path = RemoteFeedLoader.swift; sourceTree = "<group>"; };
/* End PBXFileReference section */

/* Begin PBXFrameworksBuildPhase section */
		17BA54F22C671C2E009C10EF /* Frameworks */ = {
			isa = PBXFrameworksBuildPhase;
			buildActionMask = 2147483647;
			files = (
			);
			runOnlyForDeploymentPostprocessing = 0;
		};
		17BA55022C671C30009C10EF /* Frameworks */ = {
			isa = PBXFrameworksBuildPhase;
			buildActionMask = 2147483647;
			files = (
			);
			runOnlyForDeploymentPostprocessing = 0;
		};
		17BA550C2C671C30009C10EF /* Frameworks */ = {
			isa = PBXFrameworksBuildPhase;
			buildActionMask = 2147483647;
			files = (
			);
			runOnlyForDeploymentPostprocessing = 0;
		};
/* End PBXFrameworksBuildPhase section */

/* Begin PBXGroup section */
		17BA54EC2C671C2E009C10EF = {
			isa = PBXGroup;
			children = (
				17BA54F72C671C2E009C10EF /* Feed */,
				17BA55082C671C30009C10EF /* FeedTests */,
				17BA55122C671C30009C10EF /* FeedUITests */,
				17BA54F62C671C2E009C10EF /* Products */,
			);
			sourceTree = "<group>";
		};
		17BA54F62C671C2E009C10EF /* Products */ = {
			isa = PBXGroup;
			children = (
				17BA54F52C671C2E009C10EF /* Feed.app */,
				17BA55052C671C30009C10EF /* FeedTests.xctest */,
				17BA550F2C671C30009C10EF /* FeedUITests.xctest */,
			);
			name = Products;
			sourceTree = "<group>";
		};
		17BA54F72C671C2E009C10EF /* Feed */ = {
			isa = PBXGroup;
			children = (
				17BA54F82C671C2E009C10EF /* FeedApp.swift */,
				17BA54FA2C671C2E009C10EF /* ContentView.swift */,
				17BA55222C671D53009C10EF /* FeedItem.swift */,
				17CC68452C6B050700904FCA /* Feed API */,
				17BA55252C671DA6009C10EF /* FeedLoader.swift */,
				17BA54FC2C671C30009C10EF /* Assets.xcassets */,
				17BA54FE2C671C30009C10EF /* Preview Content */,
			);
			path = Feed;
			sourceTree = "<group>";
		};
		17BA54FE2C671C30009C10EF /* Preview Content */ = {
			isa = PBXGroup;
			children = (
				17BA54FF2C671C30009C10EF /* Preview Assets.xcassets */,
			);
			path = "Preview Content";
			sourceTree = "<group>";
		};
		17BA55082C671C30009C10EF /* FeedTests */ = {
			isa = PBXGroup;
			children = (
				17BA55092C671C30009C10EF /* FeedTests.swift */,
				17CC68432C6A61E300904FCA /* RemoteFeedLoaderTests.swift */,
			);
			path = FeedTests;
			sourceTree = "<group>";
		};
		17BA55122C671C30009C10EF /* FeedUITests */ = {
			isa = PBXGroup;
			children = (
				17BA55132C671C30009C10EF /* FeedUITests.swift */,
				17BA55152C671C30009C10EF /* FeedUITestsLaunchTests.swift */,
			);
			path = FeedUITests;
			sourceTree = "<group>";
		};
		17CC68452C6B050700904FCA /* Feed API */ = {
			isa = PBXGroup;
			children = (
				17CC68462C6B052900904FCA /* RemoteFeedLoader.swift */,
			);
			path = "Feed API";
			sourceTree = "<group>";
		};
/* End PBXGroup section */

/* Begin PBXNativeTarget section */
		17BA54F42C671C2E009C10EF /* Feed */ = {
			isa = PBXNativeTarget;
			buildConfigurationList = 17BA55192C671C30009C10EF /* Build configuration list for PBXNativeTarget "Feed" */;
			buildPhases = (
				17BA54F12C671C2E009C10EF /* Sources */,
				17BA54F22C671C2E009C10EF /* Frameworks */,
				17BA54F32C671C2E009C10EF /* Resources */,
			);
			buildRules = (
			);
			dependencies = (
			);
			name = Feed;
			productName = Feed;
			productReference = 17BA54F52C671C2E009C10EF /* Feed.app */;
			productType = "com.apple.product-type.application";
		};
		17BA55042C671C30009C10EF /* FeedTests */ = {
			isa = PBXNativeTarget;
			buildConfigurationList = 17BA551C2C671C30009C10EF /* Build configuration list for PBXNativeTarget "FeedTests" */;
			buildPhases = (
				17BA55012C671C30009C10EF /* Sources */,
				17BA55022C671C30009C10EF /* Frameworks */,
				17BA55032C671C30009C10EF /* Resources */,
			);
			buildRules = (
			);
			dependencies = (
				17BA55072C671C30009C10EF /* PBXTargetDependency */,
			);
			name = FeedTests;
			productName = FeedTests;
			productReference = 17BA55052C671C30009C10EF /* FeedTests.xctest */;
			productType = "com.apple.product-type.bundle.unit-test";
		};
		17BA550E2C671C30009C10EF /* FeedUITests */ = {
			isa = PBXNativeTarget;
			buildConfigurationList = 17BA551F2C671C30009C10EF /* Build configuration list for PBXNativeTarget "FeedUITests" */;
			buildPhases = (
				17BA550B2C671C30009C10EF /* Sources */,
				17BA550C2C671C30009C10EF /* Frameworks */,
				17BA550D2C671C30009C10EF /* Resources */,
			);
			buildRules = (
			);
			dependencies = (
				17BA55112C671C30009C10EF /* PBXTargetDependency */,
			);
			name = FeedUITests;
			productName = FeedUITests;
			productReference = 17BA550F2C671C30009C10EF /* FeedUITests.xctest */;
			productType = "com.apple.product-type.bundle.ui-testing";
		};
/* End PBXNativeTarget section */

/* Begin PBXProject section */
		17BA54ED2C671C2E009C10EF /* Project object */ = {
			isa = PBXProject;
			attributes = {
				BuildIndependentTargetsInParallel = 1;
				LastSwiftUpdateCheck = 1510;
				LastUpgradeCheck = 1510;
				TargetAttributes = {
					17BA54F42C671C2E009C10EF = {
						CreatedOnToolsVersion = 15.1;
					};
					17BA55042C671C30009C10EF = {
						CreatedOnToolsVersion = 15.1;
						TestTargetID = 17BA54F42C671C2E009C10EF;
					};
					17BA550E2C671C30009C10EF = {
						CreatedOnToolsVersion = 15.1;
						TestTargetID = 17BA54F42C671C2E009C10EF;
					};
				};
			};
			buildConfigurationList = 17BA54F02C671C2E009C10EF /* Build configuration list for PBXProject "Feed" */;
			compatibilityVersion = "Xcode 14.0";
			developmentRegion = en;
			hasScannedForEncodings = 0;
			knownRegions = (
				en,
				Base,
			);
			mainGroup = 17BA54EC2C671C2E009C10EF;
			productRefGroup = 17BA54F62C671C2E009C10EF /* Products */;
			projectDirPath = "";
			projectRoot = "";
			targets = (
				17BA54F42C671C2E009C10EF /* Feed */,
				17BA55042C671C30009C10EF /* FeedTests */,
				17BA550E2C671C30009C10EF /* FeedUITests */,
			);
		};
/* End PBXProject section */

/* Begin PBXResourcesBuildPhase section */
		17BA54F32C671C2E009C10EF /* Resources */ = {
			isa = PBXResourcesBuildPhase;
			buildActionMask = 2147483647;
			files = (
				17BA55002C671C30009C10EF /* Preview Assets.xcassets in Resources */,
				17BA54FD2C671C30009C10EF /* Assets.xcassets in Resources */,
			);
			runOnlyForDeploymentPostprocessing = 0;
		};
		17BA55032C671C30009C10EF /* Resources */ = {
			isa = PBXResourcesBuildPhase;
			buildActionMask = 2147483647;
			files = (
			);
			runOnlyForDeploymentPostprocessing = 0;
		};
		17BA550D2C671C30009C10EF /* Resources */ = {
			isa = PBXResourcesBuildPhase;
			buildActionMask = 2147483647;
			files = (
			);
			runOnlyForDeploymentPostprocessing = 0;
		};
/* End PBXResourcesBuildPhase section */

/* Begin PBXSourcesBuildPhase section */
		17BA54F12C671C2E009C10EF /* Sources */ = {
			isa = PBXSourcesBuildPhase;
			buildActionMask = 2147483647;
			files = (
				17BA54FB2C671C2E009C10EF /* ContentView.swift in Sources */,
				17BA54F92C671C2E009C10EF /* FeedApp.swift in Sources */,
				17BA55262C671DA6009C10EF /* FeedLoader.swift in Sources */,
				17CC68472C6B052900904FCA /* RemoteFeedLoader.swift in Sources */,
				17BA55242C671D94009C10EF /* FeedItem.swift in Sources */,
			);
			runOnlyForDeploymentPostprocessing = 0;
		};
		17BA55012C671C30009C10EF /* Sources */ = {
			isa = PBXSourcesBuildPhase;
			buildActionMask = 2147483647;
			files = (
				17CC68442C6A61E300904FCA /* RemoteFeedLoaderTests.swift in Sources */,
				17BA550A2C671C30009C10EF /* FeedTests.swift in Sources */,
			);
			runOnlyForDeploymentPostprocessing = 0;
		};
		17BA550B2C671C30009C10EF /* Sources */ = {
			isa = PBXSourcesBuildPhase;
			buildActionMask = 2147483647;
			files = (
				17BA55162C671C30009C10EF /* FeedUITestsLaunchTests.swift in Sources */,
				17BA55142C671C30009C10EF /* FeedUITests.swift in Sources */,
			);
			runOnlyForDeploymentPostprocessing = 0;
		};
/* End PBXSourcesBuildPhase section */

/* Begin PBXTargetDependency section */
		17BA55072C671C30009C10EF /* PBXTargetDependency */ = {
			isa = PBXTargetDependency;
			target = 17BA54F42C671C2E009C10EF /* Feed */;
			targetProxy = 17BA55062C671C30009C10EF /* PBXContainerItemProxy */;
		};
		17BA55112C671C30009C10EF /* PBXTargetDependency */ = {
			isa = PBXTargetDependency;
			target = 17BA54F42C671C2E009C10EF /* Feed */;
			targetProxy = 17BA55102C671C30009C10EF /* PBXContainerItemProxy */;
		};
/* End PBXTargetDependency section */

/* Begin XCBuildConfiguration section */
		17BA55172C671C30009C10EF /* Debug */ = {
			isa = XCBuildConfiguration;
			buildSettings = {
				ALWAYS_SEARCH_USER_PATHS = NO;
				ASSETCATALOG_COMPILER_GENERATE_SWIFT_ASSET_SYMBOL_EXTENSIONS = YES;
				CLANG_ANALYZER_NONNULL = YES;
				CLANG_ANALYZER_NUMBER_OBJECT_CONVERSION = YES_AGGRESSIVE;
				CLANG_CXX_LANGUAGE_STANDARD = "gnu++20";
				CLANG_ENABLE_MODULES = YES;
				CLANG_ENABLE_OBJC_ARC = YES;
				CLANG_ENABLE_OBJC_WEAK = YES;
				CLANG_WARN_BLOCK_CAPTURE_AUTORELEASING = YES;
				CLANG_WARN_BOOL_CONVERSION = YES;
				CLANG_WARN_COMMA = YES;
				CLANG_WARN_CONSTANT_CONVERSION = YES;
				CLANG_WARN_DEPRECATED_OBJC_IMPLEMENTATIONS = YES;
				CLANG_WARN_DIRECT_OBJC_ISA_USAGE = YES_ERROR;
				CLANG_WARN_DOCUMENTATION_COMMENTS = YES;
				CLANG_WARN_EMPTY_BODY = YES;
				CLANG_WARN_ENUM_CONVERSION = YES;
				CLANG_WARN_INFINITE_RECURSION = YES;
				CLANG_WARN_INT_CONVERSION = YES;
				CLANG_WARN_NON_LITERAL_NULL_CONVERSION = YES;
				CLANG_WARN_OBJC_IMPLICIT_RETAIN_SELF = YES;
				CLANG_WARN_OBJC_LITERAL_CONVERSION = YES;
				CLANG_WARN_OBJC_ROOT_CLASS = YES_ERROR;
				CLANG_WARN_QUOTED_INCLUDE_IN_FRAMEWORK_HEADER = YES;
				CLANG_WARN_RANGE_LOOP_ANALYSIS = YES;
				CLANG_WARN_STRICT_PROTOTYPES = YES;
				CLANG_WARN_SUSPICIOUS_MOVE = YES;
				CLANG_WARN_UNGUARDED_AVAILABILITY = YES_AGGRESSIVE;
				CLANG_WARN_UNREACHABLE_CODE = YES;
				CLANG_WARN__DUPLICATE_METHOD_MATCH = YES;
				COPY_PHASE_STRIP = NO;
				DEBUG_INFORMATION_FORMAT = dwarf;
				ENABLE_STRICT_OBJC_MSGSEND = YES;
				ENABLE_TESTABILITY = YES;
				ENABLE_USER_SCRIPT_SANDBOXING = YES;
				GCC_C_LANGUAGE_STANDARD = gnu17;
				GCC_DYNAMIC_NO_PIC = NO;
				GCC_NO_COMMON_BLOCKS = YES;
				GCC_OPTIMIZATION_LEVEL = 0;
				GCC_PREPROCESSOR_DEFINITIONS = (
					"DEBUG=1",
					"$(inherited)",
				);
				GCC_WARN_64_TO_32_BIT_CONVERSION = YES;
				GCC_WARN_ABOUT_RETURN_TYPE = YES_ERROR;
				GCC_WARN_UNDECLARED_SELECTOR = YES;
				GCC_WARN_UNINITIALIZED_AUTOS = YES_AGGRESSIVE;
				GCC_WARN_UNUSED_FUNCTION = YES;
				GCC_WARN_UNUSED_VARIABLE = YES;
				IPHONEOS_DEPLOYMENT_TARGET = 17.2;
				LOCALIZATION_PREFERS_STRING_CATALOGS = YES;
				MTL_ENABLE_DEBUG_INFO = INCLUDE_SOURCE;
				MTL_FAST_MATH = YES;
				ONLY_ACTIVE_ARCH = YES;
				SDKROOT = iphoneos;
				SWIFT_ACTIVE_COMPILATION_CONDITIONS = "DEBUG $(inherited)";
				SWIFT_OPTIMIZATION_LEVEL = "-Onone";
			};
			name = Debug;
		};
		17BA55182C671C30009C10EF /* Release */ = {
			isa = XCBuildConfiguration;
			buildSettings = {
				ALWAYS_SEARCH_USER_PATHS = NO;
				ASSETCATALOG_COMPILER_GENERATE_SWIFT_ASSET_SYMBOL_EXTENSIONS = YES;
				CLANG_ANALYZER_NONNULL = YES;
				CLANG_ANALYZER_NUMBER_OBJECT_CONVERSION = YES_AGGRESSIVE;
				CLANG_CXX_LANGUAGE_STANDARD = "gnu++20";
				CLANG_ENABLE_MODULES = YES;
				CLANG_ENABLE_OBJC_ARC = YES;
				CLANG_ENABLE_OBJC_WEAK = YES;
				CLANG_WARN_BLOCK_CAPTURE_AUTORELEASING = YES;
				CLANG_WARN_BOOL_CONVERSION = YES;
				CLANG_WARN_COMMA = YES;
				CLANG_WARN_CONSTANT_CONVERSION = YES;
				CLANG_WARN_DEPRECATED_OBJC_IMPLEMENTATIONS = YES;
				CLANG_WARN_DIRECT_OBJC_ISA_USAGE = YES_ERROR;
				CLANG_WARN_DOCUMENTATION_COMMENTS = YES;
				CLANG_WARN_EMPTY_BODY = YES;
				CLANG_WARN_ENUM_CONVERSION = YES;
				CLANG_WARN_INFINITE_RECURSION = YES;
				CLANG_WARN_INT_CONVERSION = YES;
				CLANG_WARN_NON_LITERAL_NULL_CONVERSION = YES;
				CLANG_WARN_OBJC_IMPLICIT_RETAIN_SELF = YES;
				CLANG_WARN_OBJC_LITERAL_CONVERSION = YES;
				CLANG_WARN_OBJC_ROOT_CLASS = YES_ERROR;
				CLANG_WARN_QUOTED_INCLUDE_IN_FRAMEWORK_HEADER = YES;
				CLANG_WARN_RANGE_LOOP_ANALYSIS = YES;
				CLANG_WARN_STRICT_PROTOTYPES = YES;
				CLANG_WARN_SUSPICIOUS_MOVE = YES;
				CLANG_WARN_UNGUARDED_AVAILABILITY = YES_AGGRESSIVE;
				CLANG_WARN_UNREACHABLE_CODE = YES;
				CLANG_WARN__DUPLICATE_METHOD_MATCH = YES;
				COPY_PHASE_STRIP = NO;
				DEBUG_INFORMATION_FORMAT = "dwarf-with-dsym";
				ENABLE_NS_ASSERTIONS = NO;
				ENABLE_STRICT_OBJC_MSGSEND = YES;
				ENABLE_USER_SCRIPT_SANDBOXING = YES;
				GCC_C_LANGUAGE_STANDARD = gnu17;
				GCC_NO_COMMON_BLOCKS = YES;
				GCC_WARN_64_TO_32_BIT_CONVERSION = YES;
				GCC_WARN_ABOUT_RETURN_TYPE = YES_ERROR;
				GCC_WARN_UNDECLARED_SELECTOR = YES;
				GCC_WARN_UNINITIALIZED_AUTOS = YES_AGGRESSIVE;
				GCC_WARN_UNUSED_FUNCTION = YES;
				GCC_WARN_UNUSED_VARIABLE = YES;
				IPHONEOS_DEPLOYMENT_TARGET = 17.2;
				LOCALIZATION_PREFERS_STRING_CATALOGS = YES;
				MTL_ENABLE_DEBUG_INFO = NO;
				MTL_FAST_MATH = YES;
				SDKROOT = iphoneos;
				SWIFT_COMPILATION_MODE = wholemodule;
				VALIDATE_PRODUCT = YES;
			};
			name = Release;
		};
		17BA551A2C671C30009C10EF /* Debug */ = {
			isa = XCBuildConfiguration;
			buildSettings = {
				ASSETCATALOG_COMPILER_APPICON_NAME = AppIcon;
				ASSETCATALOG_COMPILER_GLOBAL_ACCENT_COLOR_NAME = AccentColor;
				CODE_SIGN_STYLE = Automatic;
				CURRENT_PROJECT_VERSION = 1;
				DEVELOPMENT_ASSET_PATHS = "\"Feed/Preview Content\"";
				DEVELOPMENT_TEAM = CYRS5NV93A;
				ENABLE_PREVIEWS = YES;
				GENERATE_INFOPLIST_FILE = YES;
				INFOPLIST_KEY_UIApplicationSceneManifest_Generation = YES;
				INFOPLIST_KEY_UIApplicationSupportsIndirectInputEvents = YES;
				INFOPLIST_KEY_UILaunchScreen_Generation = YES;
				INFOPLIST_KEY_UISupportedInterfaceOrientations_iPad = "UIInterfaceOrientationPortrait UIInterfaceOrientationPortraitUpsideDown UIInterfaceOrientationLandscapeLeft UIInterfaceOrientationLandscapeRight";
				INFOPLIST_KEY_UISupportedInterfaceOrientations_iPhone = "UIInterfaceOrientationPortrait UIInterfaceOrientationLandscapeLeft UIInterfaceOrientationLandscapeRight";
				LD_RUNPATH_SEARCH_PATHS = (
					"$(inherited)",
					"@executable_path/Frameworks",
				);
				MARKETING_VERSION = 1.0;
				PRODUCT_BUNDLE_IDENTIFIER = jigar.Feed;
				PRODUCT_NAME = "$(TARGET_NAME)";
				SWIFT_EMIT_LOC_STRINGS = YES;
				SWIFT_VERSION = 5.0;
				TARGETED_DEVICE_FAMILY = "1,2";
			};
			name = Debug;
		};
		17BA551B2C671C30009C10EF /* Release */ = {
			isa = XCBuildConfiguration;
			buildSettings = {
				ASSETCATALOG_COMPILER_APPICON_NAME = AppIcon;
				ASSETCATALOG_COMPILER_GLOBAL_ACCENT_COLOR_NAME = AccentColor;
				CODE_SIGN_STYLE = Automatic;
				CURRENT_PROJECT_VERSION = 1;
				DEVELOPMENT_ASSET_PATHS = "\"Feed/Preview Content\"";
				DEVELOPMENT_TEAM = CYRS5NV93A;
				ENABLE_PREVIEWS = YES;
				GENERATE_INFOPLIST_FILE = YES;
				INFOPLIST_KEY_UIApplicationSceneManifest_Generation = YES;
				INFOPLIST_KEY_UIApplicationSupportsIndirectInputEvents = YES;
				INFOPLIST_KEY_UILaunchScreen_Generation = YES;
				INFOPLIST_KEY_UISupportedInterfaceOrientations_iPad = "UIInterfaceOrientationPortrait UIInterfaceOrientationPortraitUpsideDown UIInterfaceOrientationLandscapeLeft UIInterfaceOrientationLandscapeRight";
				INFOPLIST_KEY_UISupportedInterfaceOrientations_iPhone = "UIInterfaceOrientationPortrait UIInterfaceOrientationLandscapeLeft UIInterfaceOrientationLandscapeRight";
				LD_RUNPATH_SEARCH_PATHS = (
					"$(inherited)",
					"@executable_path/Frameworks",
				);
				MARKETING_VERSION = 1.0;
				PRODUCT_BUNDLE_IDENTIFIER = jigar.Feed;
				PRODUCT_NAME = "$(TARGET_NAME)";
				SWIFT_EMIT_LOC_STRINGS = YES;
				SWIFT_VERSION = 5.0;
				TARGETED_DEVICE_FAMILY = "1,2";
			};
			name = Release;
		};
		17BA551D2C671C30009C10EF /* Debug */ = {
			isa = XCBuildConfiguration;
			buildSettings = {
				ALWAYS_EMBED_SWIFT_STANDARD_LIBRARIES = YES;
				BUNDLE_LOADER = "$(TEST_HOST)";
				CODE_SIGN_STYLE = Automatic;
				CURRENT_PROJECT_VERSION = 1;
				DEVELOPMENT_TEAM = HF96VL2U36;
				GENERATE_INFOPLIST_FILE = YES;
				IPHONEOS_DEPLOYMENT_TARGET = 17.2;
				MARKETING_VERSION = 1.0;
				PRODUCT_BUNDLE_IDENTIFIER = jigar.FeedTests;
				PRODUCT_NAME = "$(TARGET_NAME)";
				SWIFT_EMIT_LOC_STRINGS = NO;
				SWIFT_VERSION = 5.0;
				TARGETED_DEVICE_FAMILY = "1,2";
				TEST_HOST = "$(BUILT_PRODUCTS_DIR)/Feed.app/$(BUNDLE_EXECUTABLE_FOLDER_PATH)/Feed";
			};
			name = Debug;
		};
		17BA551E2C671C30009C10EF /* Release */ = {
			isa = XCBuildConfiguration;
			buildSettings = {
				ALWAYS_EMBED_SWIFT_STANDARD_LIBRARIES = YES;
				BUNDLE_LOADER = "$(TEST_HOST)";
				CODE_SIGN_STYLE = Automatic;
				CURRENT_PROJECT_VERSION = 1;
				DEVELOPMENT_TEAM = HF96VL2U36;
				GENERATE_INFOPLIST_FILE = YES;
				IPHONEOS_DEPLOYMENT_TARGET = 17.2;
				MARKETING_VERSION = 1.0;
				PRODUCT_BUNDLE_IDENTIFIER = jigar.FeedTests;
				PRODUCT_NAME = "$(TARGET_NAME)";
				SWIFT_EMIT_LOC_STRINGS = NO;
				SWIFT_VERSION = 5.0;
				TARGETED_DEVICE_FAMILY = "1,2";
				TEST_HOST = "$(BUILT_PRODUCTS_DIR)/Feed.app/$(BUNDLE_EXECUTABLE_FOLDER_PATH)/Feed";
			};
			name = Release;
		};
		17BA55202C671C30009C10EF /* Debug */ = {
			isa = XCBuildConfiguration;
			buildSettings = {
				ALWAYS_EMBED_SWIFT_STANDARD_LIBRARIES = YES;
				CODE_SIGN_STYLE = Automatic;
				CURRENT_PROJECT_VERSION = 1;
				DEVELOPMENT_TEAM = HF96VL2U36;
				GENERATE_INFOPLIST_FILE = YES;
				MARKETING_VERSION = 1.0;
				PRODUCT_BUNDLE_IDENTIFIER = jigar.FeedUITests;
				PRODUCT_NAME = "$(TARGET_NAME)";
				SWIFT_EMIT_LOC_STRINGS = NO;
				SWIFT_VERSION = 5.0;
				TARGETED_DEVICE_FAMILY = "1,2";
				TEST_TARGET_NAME = Feed;
			};
			name = Debug;
		};
		17BA55212C671C30009C10EF /* Release */ = {
			isa = XCBuildConfiguration;
			buildSettings = {
				ALWAYS_EMBED_SWIFT_STANDARD_LIBRARIES = YES;
				CODE_SIGN_STYLE = Automatic;
				CURRENT_PROJECT_VERSION = 1;
				DEVELOPMENT_TEAM = HF96VL2U36;
				GENERATE_INFOPLIST_FILE = YES;
				MARKETING_VERSION = 1.0;
				PRODUCT_BUNDLE_IDENTIFIER = jigar.FeedUITests;
				PRODUCT_NAME = "$(TARGET_NAME)";
				SWIFT_EMIT_LOC_STRINGS = NO;
				SWIFT_VERSION = 5.0;
				TARGETED_DEVICE_FAMILY = "1,2";
				TEST_TARGET_NAME = Feed;
			};
			name = Release;
		};
/* End XCBuildConfiguration section */

/* Begin XCConfigurationList section */
		17BA54F02C671C2E009C10EF /* Build configuration list for PBXProject "Feed" */ = {
			isa = XCConfigurationList;
			buildConfigurations = (
				17BA55172C671C30009C10EF /* Debug */,
				17BA55182C671C30009C10EF /* Release */,
			);
			defaultConfigurationIsVisible = 0;
			defaultConfigurationName = Release;
		};
		17BA55192C671C30009C10EF /* Build configuration list for PBXNativeTarget "Feed" */ = {
			isa = XCConfigurationList;
			buildConfigurations = (
				17BA551A2C671C30009C10EF /* Debug */,
				17BA551B2C671C30009C10EF /* Release */,
			);
			defaultConfigurationIsVisible = 0;
			defaultConfigurationName = Release;
		};
		17BA551C2C671C30009C10EF /* Build configuration list for PBXNativeTarget "FeedTests" */ = {
			isa = XCConfigurationList;
			buildConfigurations = (
				17BA551D2C671C30009C10EF /* Debug */,
				17BA551E2C671C30009C10EF /* Release */,
			);
			defaultConfigurationIsVisible = 0;
			defaultConfigurationName = Release;
		};
		17BA551F2C671C30009C10EF /* Build configuration list for PBXNativeTarget "FeedUITests" */ = {
			isa = XCConfigurationList;
			buildConfigurations = (
				17BA55202C671C30009C10EF /* Debug */,
				17BA55212C671C30009C10EF /* Release */,
			);
			defaultConfigurationIsVisible = 0;
			defaultConfigurationName = Release;
		};
/* End XCConfigurationList section */
	};
	rootObject = 17BA54ED2C671C2E009C10EF /* Project object */;
}
